
Microsoft Visual Studio Solution File, Format Version 12.00
# Visual Studio Version 17
VisualStudioVersion = 17.10.34928.147
MinimumVisualStudioVersion = 10.0.40219.1
Project("{FAE04EC0-301F-11D3-BF4B-00C04F79EFBC}") = "taskadodo", "taskadodo.csproj", "{AF3ECF78-C909-433E-A80D-CFD445E1C01A}"
EndProject
Global
	GlobalSection(SolutionConfigurationPlatforms) = preSolution
		Debug|Any CPU = Debug|Any CPU
		Release|Any CPU = Release|Any CPU
	EndGlobalSection
	GlobalSection(ProjectConfigurationPlatforms) = postSolution
		{AF3ECF78-C909-433E-A80D-CFD445E1C01A}.Debug|Any CPU.ActiveCfg = Debug|Any CPU
		{AF3ECF78-C909-433E-A80D-CFD445E1C01A}.Debug|Any CPU.Build.0 = Debug|Any CPU
		{AF3ECF78-C909-433E-A80D-CFD445E1C01A}.Release|Any CPU.ActiveCfg = Release|Any CPU
		{AF3ECF78-C909-433E-A80D-CFD445E1C01A}.Release|Any CPU.Build.0 = Release|Any CPU
	EndGlobalSection
	GlobalSection(SolutionProperties) = preSolution
		HideSolutionNode = FALSE
	EndGlobalSection
	GlobalSection(ExtensibilityGlobals) = postSolution
		SolutionGuid = {532DCE6A-5C12-4CE3-92AE-556A52771596}
	EndGlobalSection
EndGlobal
